// !$*UTF8*$!
{
	archiveVersion = 1;
	classes = {
	};
	objectVersion = 46;
	objects = {

/* Begin PBXBuildFile section */
		41725AFC19E2643C00D76892 /* Foundation.framework in Frameworks */ = {isa = PBXBuildFile; fileRef = 41725AFB19E2643C00D76892 /* Foundation.framework */; };
		41725AFE19E2643C00D76892 /* CoreGraphics.framework in Frameworks */ = {isa = PBXBuildFile; fileRef = 41725AFD19E2643C00D76892 /* CoreGraphics.framework */; };
		41725B0019E2643C00D76892 /* UIKit.framework in Frameworks */ = {isa = PBXBuildFile; fileRef = 41725AFF19E2643C00D76892 /* UIKit.framework */; };
		41725B0619E2643C00D76892 /* InfoPlist.strings in Resources */ = {isa = PBXBuildFile; fileRef = 41725B0419E2643C00D76892 /* InfoPlist.strings */; };
		41725B0819E2643C00D76892 /* main.m in Sources */ = {isa = PBXBuildFile; fileRef = 41725B0719E2643C00D76892 /* main.m */; };
		41725B0C19E2643C00D76892 /* TestTutorialAppDelegate.m in Sources */ = {isa = PBXBuildFile; fileRef = 41725B0B19E2643C00D76892 /* TestTutorialAppDelegate.m */; };
		41725B0F19E2643C00D76892 /* Main.storyboard in Resources */ = {isa = PBXBuildFile; fileRef = 41725B0D19E2643C00D76892 /* Main.storyboard */; };
		41725B1219E2643C00D76892 /* TestTutorialViewController.m in Sources */ = {isa = PBXBuildFile; fileRef = 41725B1119E2643C00D76892 /* TestTutorialViewController.m */; };
		41725B1419E2643C00D76892 /* Images.xcassets in Resources */ = {isa = PBXBuildFile; fileRef = 41725B1319E2643C00D76892 /* Images.xcassets */; };
		41725B1B19E2643C00D76892 /* XCTest.framework in Frameworks */ = {isa = PBXBuildFile; fileRef = 41725B1A19E2643C00D76892 /* XCTest.framework */; };
		41725B1C19E2643C00D76892 /* Foundation.framework in Frameworks */ = {isa = PBXBuildFile; fileRef = 41725AFB19E2643C00D76892 /* Foundation.framework */; };
		41725B1D19E2643C00D76892 /* UIKit.framework in Frameworks */ = {isa = PBXBuildFile; fileRef = 41725AFF19E2643C00D76892 /* UIKit.framework */; };
		41725B2519E2643C00D76892 /* InfoPlist.strings in Resources */ = {isa = PBXBuildFile; fileRef = 41725B2319E2643C00D76892 /* InfoPlist.strings */; };
		41725B2719E2643C00D76892 /* TestTutorialTests.m in Sources */ = {isa = PBXBuildFile; fileRef = 41725B2619E2643C00D76892 /* TestTutorialTests.m */; };
/* End PBXBuildFile section */

/* Begin PBXContainerItemProxy section */
		41725B1E19E2643C00D76892 /* PBXContainerItemProxy */ = {
			isa = PBXContainerItemProxy;
			containerPortal = 41725AF019E2643C00D76892 /* Project object */;
			proxyType = 1;
			remoteGlobalIDString = 41725AF719E2643C00D76892;
			remoteInfo = TestTutorial;
		};
/* End PBXContainerItemProxy section */

/* Begin PBXFileReference section */
		41725AF819E2643C00D76892 /* TestTutorial.app */ = {isa = PBXFileReference; explicitFileType = wrapper.application; includeInIndex = 0; path = TestTutorial.app; sourceTree = BUILT_PRODUCTS_DIR; };
		41725AFB19E2643C00D76892 /* Foundation.framework */ = {isa = PBXFileReference; lastKnownFileType = wrapper.framework; name = Foundation.framework; path = System/Library/Frameworks/Foundation.framework; sourceTree = SDKROOT; };
		41725AFD19E2643C00D76892 /* CoreGraphics.framework */ = {isa = PBXFileReference; lastKnownFileType = wrapper.framework; name = CoreGraphics.framework; path = System/Library/Frameworks/CoreGraphics.framework; sourceTree = SDKROOT; };
		41725AFF19E2643C00D76892 /* UIKit.framework */ = {isa = PBXFileReference; lastKnownFileType = wrapper.framework; name = UIKit.framework; path = System/Library/Frameworks/UIKit.framework; sourceTree = SDKROOT; };
		41725B0319E2643C00D76892 /* TestTutorial-Info.plist */ = {isa = PBXFileReference; lastKnownFileType = text.plist.xml; path = "TestTutorial-Info.plist"; sourceTree = "<group>"; };
		41725B0519E2643C00D76892 /* en */ = {isa = PBXFileReference; lastKnownFileType = text.plist.strings; name = en; path = en.lproj/InfoPlist.strings; sourceTree = "<group>"; };
		41725B0719E2643C00D76892 /* main.m */ = {isa = PBXFileReference; lastKnownFileType = sourcecode.c.objc; path = main.m; sourceTree = "<group>"; };
		41725B0919E2643C00D76892 /* TestTutorial-Prefix.pch */ = {isa = PBXFileReference; lastKnownFileType = sourcecode.c.h; path = "TestTutorial-Prefix.pch"; sourceTree = "<group>"; };
		41725B0A19E2643C00D76892 /* TestTutorialAppDelegate.h */ = {isa = PBXFileReference; lastKnownFileType = sourcecode.c.h; path = TestTutorialAppDelegate.h; sourceTree = "<group>"; };
		41725B0B19E2643C00D76892 /* TestTutorialAppDelegate.m */ = {isa = PBXFileReference; lastKnownFileType = sourcecode.c.objc; path = TestTutorialAppDelegate.m; sourceTree = "<group>"; };
		41725B0E19E2643C00D76892 /* Base */ = {isa = PBXFileReference; lastKnownFileType = file.storyboard; name = Base; path = Base.lproj/Main.storyboard; sourceTree = "<group>"; };
		41725B1019E2643C00D76892 /* TestTutorialViewController.h */ = {isa = PBXFileReference; lastKnownFileType = sourcecode.c.h; path = TestTutorialViewController.h; sourceTree = "<group>"; };
		41725B1119E2643C00D76892 /* TestTutorialViewController.m */ = {isa = PBXFileReference; lastKnownFileType = sourcecode.c.objc; path = TestTutorialViewController.m; sourceTree = "<group>"; };
		41725B1319E2643C00D76892 /* Images.xcassets */ = {isa = PBXFileReference; lastKnownFileType = folder.assetcatalog; path = Images.xcassets; sourceTree = "<group>"; };
		41725B1919E2643C00D76892 /* TestTutorialTests.xctest */ = {isa = PBXFileReference; explicitFileType = wrapper.cfbundle; includeInIndex = 0; path = TestTutorialTests.xctest; sourceTree = BUILT_PRODUCTS_DIR; };
		41725B1A19E2643C00D76892 /* XCTest.framework */ = {isa = PBXFileReference; lastKnownFileType = wrapper.framework; name = XCTest.framework; path = Library/Frameworks/XCTest.framework; sourceTree = DEVELOPER_DIR; };
		41725B2219E2643C00D76892 /* TestTutorialTests-Info.plist */ = {isa = PBXFileReference; lastKnownFileType = text.plist.xml; path = "TestTutorialTests-Info.plist"; sourceTree = "<group>"; };
		41725B2419E2643C00D76892 /* en */ = {isa = PBXFileReference; lastKnownFileType = text.plist.strings; name = en; path = en.lproj/InfoPlist.strings; sourceTree = "<group>"; };
		41725B2619E2643C00D76892 /* TestTutorialTests.m */ = {isa = PBXFileReference; lastKnownFileType = sourcecode.c.objc; path = TestTutorialTests.m; sourceTree = "<group>"; };
/* End PBXFileReference section */

/* Begin PBXFrameworksBuildPhase section */
		41725AF519E2643C00D76892 /* Frameworks */ = {
			isa = PBXFrameworksBuildPhase;
			buildActionMask = 2147483647;
			files = (
				41725AFE19E2643C00D76892 /* CoreGraphics.framework in Frameworks */,
				41725B0019E2643C00D76892 /* UIKit.framework in Frameworks */,
				41725AFC19E2643C00D76892 /* Foundation.framework in Frameworks */,
			);
			runOnlyForDeploymentPostprocessing = 0;
		};
		41725B1619E2643C00D76892 /* Frameworks */ = {
			isa = PBXFrameworksBuildPhase;
			buildActionMask = 2147483647;
			files = (
				41725B1B19E2643C00D76892 /* XCTest.framework in Frameworks */,
				41725B1D19E2643C00D76892 /* UIKit.framework in Frameworks */,
				41725B1C19E2643C00D76892 /* Foundation.framework in Frameworks */,
			);
			runOnlyForDeploymentPostprocessing = 0;
		};
/* End PBXFrameworksBuildPhase section */

/* Begin PBXGroup section */
		41725AEF19E2643C00D76892 = {
			isa = PBXGroup;
			children = (
				41725B0119E2643C00D76892 /* TestTutorial */,
				41725B2019E2643C00D76892 /* TestTutorialTests */,
				41725AFA19E2643C00D76892 /* Frameworks */,
				41725AF919E2643C00D76892 /* Products */,
			);
			sourceTree = "<group>";
		};
		41725AF919E2643C00D76892 /* Products */ = {
			isa = PBXGroup;
			children = (
				41725AF819E2643C00D76892 /* TestTutorial.app */,
				41725B1919E2643C00D76892 /* TestTutorialTests.xctest */,
			);
			name = Products;
			sourceTree = "<group>";
		};
		41725AFA19E2643C00D76892 /* Frameworks */ = {
			isa = PBXGroup;
			children = (
				41725AFB19E2643C00D76892 /* Foundation.framework */,
				41725AFD19E2643C00D76892 /* CoreGraphics.framework */,
				41725AFF19E2643C00D76892 /* UIKit.framework */,
				41725B1A19E2643C00D76892 /* XCTest.framework */,
			);
			name = Frameworks;
			sourceTree = "<group>";
		};
		41725B0119E2643C00D76892 /* TestTutorial */ = {
			isa = PBXGroup;
			children = (
				41725B0A19E2643C00D76892 /* TestTutorialAppDelegate.h */,
				41725B0B19E2643C00D76892 /* TestTutorialAppDelegate.m */,
				41725B0D19E2643C00D76892 /* Main.storyboard */,
				41725B1019E2643C00D76892 /* TestTutorialViewController.h */,
				41725B1119E2643C00D76892 /* TestTutorialViewController.m */,
				41725B1319E2643C00D76892 /* Images.xcassets */,
				41725B0219E2643C00D76892 /* Supporting Files */,
			);
			path = TestTutorial;
			sourceTree = "<group>";
		};
		41725B0219E2643C00D76892 /* Supporting Files */ = {
			isa = PBXGroup;
			children = (
				41725B0319E2643C00D76892 /* TestTutorial-Info.plist */,
				41725B0419E2643C00D76892 /* InfoPlist.strings */,
				41725B0719E2643C00D76892 /* main.m */,
				41725B0919E2643C00D76892 /* TestTutorial-Prefix.pch */,
			);
			name = "Supporting Files";
			sourceTree = "<group>";
		};
		41725B2019E2643C00D76892 /* TestTutorialTests */ = {
			isa = PBXGroup;
			children = (
				41725B2619E2643C00D76892 /* TestTutorialTests.m */,
				41725B2119E2643C00D76892 /* Supporting Files */,
			);
			path = TestTutorialTests;
			sourceTree = "<group>";
		};
		41725B2119E2643C00D76892 /* Supporting Files */ = {
			isa = PBXGroup;
			children = (
				41725B2219E2643C00D76892 /* TestTutorialTests-Info.plist */,
				41725B2319E2643C00D76892 /* InfoPlist.strings */,
			);
			name = "Supporting Files";
			sourceTree = "<group>";
		};
/* End PBXGroup section */

/* Begin PBXNativeTarget section */
		41725AF719E2643C00D76892 /* TestTutorial */ = {
			isa = PBXNativeTarget;
			buildConfigurationList = 41725B2A19E2643C00D76892 /* Build configuration list for PBXNativeTarget "TestTutorial" */;
			buildPhases = (
				41725AF419E2643C00D76892 /* Sources */,
				41725AF519E2643C00D76892 /* Frameworks */,
				41725AF619E2643C00D76892 /* Resources */,
			);
			buildRules = (
			);
			dependencies = (
			);
			name = TestTutorial;
			productName = TestTutorial;
			productReference = 41725AF819E2643C00D76892 /* TestTutorial.app */;
			productType = "com.apple.product-type.application";
		};
		41725B1819E2643C00D76892 /* TestTutorialTests */ = {
			isa = PBXNativeTarget;
			buildConfigurationList = 41725B2D19E2643C00D76892 /* Build configuration list for PBXNativeTarget "TestTutorialTests" */;
			buildPhases = (
				41725B1519E2643C00D76892 /* Sources */,
				41725B1619E2643C00D76892 /* Frameworks */,
				41725B1719E2643C00D76892 /* Resources */,
			);
			buildRules = (
			);
			dependencies = (
				41725B1F19E2643C00D76892 /* PBXTargetDependency */,
			);
			name = TestTutorialTests;
			productName = TestTutorialTests;
			productReference = 41725B1919E2643C00D76892 /* TestTutorialTests.xctest */;
			productType = "com.apple.product-type.bundle.unit-test";
		};
/* End PBXNativeTarget section */

/* Begin PBXProject section */
		41725AF019E2643C00D76892 /* Project object */ = {
			isa = PBXProject;
			attributes = {
				CLASSPREFIX = TestTutorial;
				LastUpgradeCheck = 0510;
				ORGANIZATIONNAME = knife0125;
				TargetAttributes = {
					41725B1819E2643C00D76892 = {
						TestTargetID = 41725AF719E2643C00D76892;
					};
				};
			};
			buildConfigurationList = 41725AF319E2643C00D76892 /* Build configuration list for PBXProject "TestTutorial" */;
			compatibilityVersion = "Xcode 3.2";
			developmentRegion = English;
			hasScannedForEncodings = 0;
			knownRegions = (
				en,
				Base,
			);
			mainGroup = 41725AEF19E2643C00D76892;
			productRefGroup = 41725AF919E2643C00D76892 /* Products */;
			projectDirPath = "";
			projectRoot = "";
			targets = (
				41725AF719E2643C00D76892 /* TestTutorial */,
				41725B1819E2643C00D76892 /* TestTutorialTests */,
			);
		};
/* End PBXProject section */

/* Begin PBXResourcesBuildPhase section */
		41725AF619E2643C00D76892 /* Resources */ = {
			isa = PBXResourcesBuildPhase;
			buildActionMask = 2147483647;
			files = (
				41725B1419E2643C00D76892 /* Images.xcassets in Resources */,
				41725B0619E2643C00D76892 /* InfoPlist.strings in Resources */,
				41725B0F19E2643C00D76892 /* Main.storyboard in Resources */,
			);
			runOnlyForDeploymentPostprocessing = 0;
		};
		41725B1719E2643C00D76892 /* Resources */ = {
			isa = PBXResourcesBuildPhase;
			buildActionMask = 2147483647;
			files = (
				41725B2519E2643C00D76892 /* InfoPlist.strings in Resources */,
			);
			runOnlyForDeploymentPostprocessing = 0;
		};
/* End PBXResourcesBuildPhase section */

/* Begin PBXSourcesBuildPhase section */
		41725AF419E2643C00D76892 /* Sources */ = {
			isa = PBXSourcesBuildPhase;
			buildActionMask = 2147483647;
			files = (
				41725B1219E2643C00D76892 /* TestTutorialViewController.m in Sources */,
				41725B0C19E2643C00D76892 /* TestTutorialAppDelegate.m in Sources */,
				41725B0819E2643C00D76892 /* main.m in Sources */,
			);
			runOnlyForDeploymentPostprocessing = 0;
		};
		41725B1519E2643C00D76892 /* Sources */ = {
			isa = PBXSourcesBuildPhase;
			buildActionMask = 2147483647;
			files = (
				41725B2719E2643C00D76892 /* TestTutorialTests.m in Sources */,
			);
			runOnlyForDeploymentPostprocessing = 0;
		};
/* End PBXSourcesBuildPhase section */

/* Begin PBXTargetDependency section */
		41725B1F19E2643C00D76892 /* PBXTargetDependency */ = {
			isa = PBXTargetDependency;
			target = 41725AF719E2643C00D76892 /* TestTutorial */;
			targetProxy = 41725B1E19E2643C00D76892 /* PBXContainerItemProxy */;
		};
/* End PBXTargetDependency section */

/* Begin PBXVariantGroup section */
		41725B0419E2643C00D76892 /* InfoPlist.strings */ = {
			isa = PBXVariantGroup;
			children = (
				41725B0519E2643C00D76892 /* en */,
			);
			name = InfoPlist.strings;
			sourceTree = "<group>";
		};
		41725B0D19E2643C00D76892 /* Main.storyboard */ = {
			isa = PBXVariantGroup;
			children = (
				41725B0E19E2643C00D76892 /* Base */,
			);
			name = Main.storyboard;
			sourceTree = "<group>";
		};
		41725B2319E2643C00D76892 /* InfoPlist.strings */ = {
			isa = PBXVariantGroup;
			children = (
				41725B2419E2643C00D76892 /* en */,
			);
			name = InfoPlist.strings;
			sourceTree = "<group>";
		};
/* End PBXVariantGroup section */

/* Begin XCBuildConfiguration section */
		41725B2819E2643C00D76892 /* Debug */ = {
			isa = XCBuildConfiguration;
			buildSettings = {
				ALWAYS_SEARCH_USER_PATHS = NO;
				CLANG_CXX_LANGUAGE_STANDARD = "gnu++0x";
				CLANG_CXX_LIBRARY = "libc++";
				CLANG_ENABLE_MODULES = YES;
				CLANG_ENABLE_OBJC_ARC = YES;
				CLANG_WARN_BOOL_CONVERSION = YES;
				CLANG_WARN_CONSTANT_CONVERSION = YES;
				CLANG_WARN_DIRECT_OBJC_ISA_USAGE = YES_ERROR;
				CLANG_WARN_EMPTY_BODY = YES;
				CLANG_WARN_ENUM_CONVERSION = YES;
				CLANG_WARN_INT_CONVERSION = YES;
				CLANG_WARN_OBJC_ROOT_CLASS = YES_ERROR;
				CLANG_WARN__DUPLICATE_METHOD_MATCH = YES;
				"CODE_SIGN_IDENTITY[sdk=iphoneos*]" = "iPhone Developer";
				COPY_PHASE_STRIP = NO;
				GCC_C_LANGUAGE_STANDARD = gnu99;
				GCC_DYNAMIC_NO_PIC = NO;
				GCC_OPTIMIZATION_LEVEL = 0;
				GCC_PREPROCESSOR_DEFINITIONS = (
					"DEBUG=1",
					"$(inherited)",
				);
				GCC_SYMBOLS_PRIVATE_EXTERN = NO;
				GCC_WARN_64_TO_32_BIT_CONVERSION = YES;
				GCC_WARN_ABOUT_RETURN_TYPE = YES_ERROR;
				GCC_WARN_UNDECLARED_SELECTOR = YES;
				GCC_WARN_UNINITIALIZED_AUTOS = YES_AGGRESSIVE;
				GCC_WARN_UNUSED_FUNCTION = YES;
				GCC_WARN_UNUSED_VARIABLE = YES;
				IPHONEOS_DEPLOYMENT_TARGET = 7.1;
				ONLY_ACTIVE_ARCH = YES;
				SDKROOT = iphoneos;
			};
			name = Debug;
		};
		41725B2919E2643C00D76892 /* Release */ = {
			isa = XCBuildConfiguration;
			buildSettings = {
				ALWAYS_SEARCH_USER_PATHS = NO;
				CLANG_CXX_LANGUAGE_STANDARD = "gnu++0x";
				CLANG_CXX_LIBRARY = "libc++";
				CLANG_ENABLE_MODULES = YES;
				CLANG_ENABLE_OBJC_ARC = YES;
				CLANG_WARN_BOOL_CONVERSION = YES;
				CLANG_WARN_CONSTANT_CONVERSION = YES;
				CLANG_WARN_DIRECT_OBJC_ISA_USAGE = YES_ERROR;
				CLANG_WARN_EMPTY_BODY = YES;
				CLANG_WARN_ENUM_CONVERSION = YES;
				CLANG_WARN_INT_CONVERSION = YES;
				CLANG_WARN_OBJC_ROOT_CLASS = YES_ERROR;
				CLANG_WARN__DUPLICATE_METHOD_MATCH = YES;
				"CODE_SIGN_IDENTITY[sdk=iphoneos*]" = "iPhone Developer";
				COPY_PHASE_STRIP = YES;
				ENABLE_NS_ASSERTIONS = NO;
				GCC_C_LANGUAGE_STANDARD = gnu99;
				GCC_WARN_64_TO_32_BIT_CONVERSION = YES;
				GCC_WARN_ABOUT_RETURN_TYPE = YES_ERROR;
				GCC_WARN_UNDECLARED_SELECTOR = YES;
				GCC_WARN_UNINITIALIZED_AUTOS = YES_AGGRESSIVE;
				GCC_WARN_UNUSED_FUNCTION = YES;
				GCC_WARN_UNUSED_VARIABLE = YES;
				IPHONEOS_DEPLOYMENT_TARGET = 7.1;
				SDKROOT = iphoneos;
				VALIDATE_PRODUCT = YES;
			};
			name = Release;
		};
		41725B2B19E2643C00D76892 /* Debug */ = {
			isa = XCBuildConfiguration;
			buildSettings = {
				ASSETCATALOG_COMPILER_APPICON_NAME = AppIcon;
				ASSETCATALOG_COMPILER_LAUNCHIMAGE_NAME = LaunchImage;
				GCC_PRECOMPILE_PREFIX_HEADER = YES;
				GCC_PREFIX_HEADER = "TestTutorial/TestTutorial-Prefix.pch";
				INFOPLIST_FILE = "TestTutorial/TestTutorial-Info.plist";
				PRODUCT_NAME = "$(TARGET_NAME)";
				WRAPPER_EXTENSION = app;
			};
			name = Debug;
		};
		41725B2C19E2643C00D76892 /* Release */ = {
			isa = XCBuildConfiguration;
			buildSettings = {
				ASSETCATALOG_COMPILER_APPICON_NAME = AppIcon;
				ASSETCATALOG_COMPILER_LAUNCHIMAGE_NAME = LaunchImage;
				GCC_PRECOMPILE_PREFIX_HEADER = YES;
				GCC_PREFIX_HEADER = "TestTutorial/TestTutorial-Prefix.pch";
				INFOPLIST_FILE = "TestTutorial/TestTutorial-Info.plist";
				PRODUCT_NAME = "$(TARGET_NAME)";
				WRAPPER_EXTENSION = app;
			};
			name = Release;
		};
		41725B2E19E2643C00D76892 /* Debug */ = {
			isa = XCBuildConfiguration;
			buildSettings = {
				BUNDLE_LOADER = "$(BUILT_PRODUCTS_DIR)/TestTutorial.app/TestTutorial";
				FRAMEWORK_SEARCH_PATHS = (
					"$(SDKROOT)/Developer/Library/Frameworks",
					"$(inherited)",
					"$(DEVELOPER_FRAMEWORKS_DIR)",
				);
				GCC_PRECOMPILE_PREFIX_HEADER = YES;
				GCC_PREFIX_HEADER = "TestTutorial/TestTutorial-Prefix.pch";
				GCC_PREPROCESSOR_DEFINITIONS = (
					"DEBUG=1",
					"$(inherited)",
				);
				INFOPLIST_FILE = "TestTutorialTests/TestTutorialTests-Info.plist";
				PRODUCT_NAME = "$(TARGET_NAME)";
				TEST_HOST = "$(BUNDLE_LOADER)";
				WRAPPER_EXTENSION = xctest;
			};
			name = Debug;
		};
		41725B2F19E2643C00D76892 /* Release */ = {
			isa = XCBuildConfiguration;
			buildSettings = {
				BUNDLE_LOADER = "$(BUILT_PRODUCTS_DIR)/TestTutorial.app/TestTutorial";
				FRAMEWORK_SEARCH_PATHS = (
					"$(SDKROOT)/Developer/Library/Frameworks",
					"$(inherited)",
					"$(DEVELOPER_FRAMEWORKS_DIR)",
				);
				GCC_PRECOMPILE_PREFIX_HEADER = YES;
				GCC_PREFIX_HEADER = "TestTutorial/TestTutorial-Prefix.pch";
				INFOPLIST_FILE = "TestTutorialTests/TestTutorialTests-Info.plist";
				PRODUCT_NAME = "$(TARGET_NAME)";
				TEST_HOST = "$(BUNDLE_LOADER)";
				WRAPPER_EXTENSION = xctest;
			};
			name = Release;
		};
/* End XCBuildConfiguration section */

/* Begin XCConfigurationList section */
		41725AF319E2643C00D76892 /* Build configuration list for PBXProject "TestTutorial" */ = {
			isa = XCConfigurationList;
			buildConfigurations = (
				41725B2819E2643C00D76892 /* Debug */,
				41725B2919E2643C00D76892 /* Release */,
			);
			defaultConfigurationIsVisible = 0;
			defaultConfigurationName = Release;
		};
		41725B2A19E2643C00D76892 /* Build configuration list for PBXNativeTarget "TestTutorial" */ = {
			isa = XCConfigurationList;
			buildConfigurations = (
				41725B2B19E2643C00D76892 /* Debug */,
				41725B2C19E2643C00D76892 /* Release */,
			);
			defaultConfigurationIsVisible = 0;
		};
		41725B2D19E2643C00D76892 /* Build configuration list for PBXNativeTarget "TestTutorialTests" */ = {
			isa = XCConfigurationList;
			buildConfigurations = (
				41725B2E19E2643C00D76892 /* Debug */,
				41725B2F19E2643C00D76892 /* Release */,
			);
			defaultConfigurationIsVisible = 0;
		};
/* End XCConfigurationList section */
	};
	rootObject = 41725AF019E2643C00D76892 /* Project object */;
}
